// !$*UTF8*$!
{
	archiveVersion = 1;
	classes = {
	};
	objectVersion = 50;
	objects = {

/* Begin PBXBuildFile section */
		0E1C23D123C8A136001C2859 /* BasicBarChart.swift in Sources */ = {isa = PBXBuildFile; fileRef = 0E1C23D023C8A136001C2859 /* BasicBarChart.swift */; };
		0E1C23D323C8A2A1001C2859 /* BasicBarPresenter.swift in Sources */ = {isa = PBXBuildFile; fileRef = 0E1C23D223C8A2A1001C2859 /* BasicBarPresenter.swift */; };
		0E1C23D523C8A2E4001C2859 /* BasicBarEntry.swift in Sources */ = {isa = PBXBuildFile; fileRef = 0E1C23D423C8A2E4001C2859 /* BasicBarEntry.swift */; };
		0E1C23D723C8A3A7001C2859 /* DataEntry.swift in Sources */ = {isa = PBXBuildFile; fileRef = 0E1C23D623C8A3A7001C2859 /* DataEntry.swift */; };
		0E1C23D923C8A420001C2859 /* CustomSegments.swift in Sources */ = {isa = PBXBuildFile; fileRef = 0E1C23D823C8A420001C2859 /* CustomSegments.swift */; };
		0E1C23DB23C8A445001C2859 /* UIBezierPathExtension.swift in Sources */ = {isa = PBXBuildFile; fileRef = 0E1C23DA23C8A445001C2859 /* UIBezierPathExtension.swift */; };
		0E1C23DD23C8A474001C2859 /* CALayerExtension.swift in Sources */ = {isa = PBXBuildFile; fileRef = 0E1C23DC23C8A474001C2859 /* CALayerExtension.swift */; };
		0E1C23DF23C8A48D001C2859 /* ArrayExtension.swift in Sources */ = {isa = PBXBuildFile; fileRef = 0E1C23DE23C8A48D001C2859 /* ArrayExtension.swift */; };
		0E1C23E123C8A611001C2859 /* BarChartViewController.swift in Sources */ = {isa = PBXBuildFile; fileRef = 0E1C23E023C8A611001C2859 /* BarChartViewController.swift */; };
		0E6A4B7A23D055EE000378CD /* StepData.swift in Sources */ = {isa = PBXBuildFile; fileRef = 0E6A4B7923D055EE000378CD /* StepData.swift */; };
		0EB60A5523A23ED8002BB4EF /* AppDelegate.swift in Sources */ = {isa = PBXBuildFile; fileRef = 0EB60A5423A23ED8002BB4EF /* AppDelegate.swift */; };
		0EB60A5723A23ED8002BB4EF /* SceneDelegate.swift in Sources */ = {isa = PBXBuildFile; fileRef = 0EB60A5623A23ED8002BB4EF /* SceneDelegate.swift */; };
		0EB60A5923A23ED8002BB4EF /* ViewController.swift in Sources */ = {isa = PBXBuildFile; fileRef = 0EB60A5823A23ED8002BB4EF /* ViewController.swift */; };
		0EB60A5E23A23EDA002BB4EF /* Assets.xcassets in Resources */ = {isa = PBXBuildFile; fileRef = 0EB60A5D23A23EDA002BB4EF /* Assets.xcassets */; };
		0EB60A6123A23EDA002BB4EF /* LaunchScreen.storyboard in Resources */ = {isa = PBXBuildFile; fileRef = 0EB60A5F23A23EDA002BB4EF /* LaunchScreen.storyboard */; };
		3F05C01D23A55A8300F49EA6 /* SettingsTableViewController.swift in Sources */ = {isa = PBXBuildFile; fileRef = 3F05C01C23A55A8300F49EA6 /* SettingsTableViewController.swift */; };
		3F05C01F23A6996D00F49EA6 /* User.swift in Sources */ = {isa = PBXBuildFile; fileRef = 3F05C01E23A6996D00F49EA6 /* User.swift */; };
		3F05C02123A6A24800F49EA6 /* Main.storyboard in Resources */ = {isa = PBXBuildFile; fileRef = 3F05C02023A6A24800F49EA6 /* Main.storyboard */; };
		3F05C02323A6AD2500F49EA6 /* AccountTableViewController.swift in Sources */ = {isa = PBXBuildFile; fileRef = 3F05C02223A6AD2500F49EA6 /* AccountTableViewController.swift */; };
		3F33ECC023A398B4007091C5 /* NewsTableViewController.swift in Sources */ = {isa = PBXBuildFile; fileRef = 3F33ECBF23A398B4007091C5 /* NewsTableViewController.swift */; };
		3F33ECC223A398CB007091C5 /* NewsTableViewCell.swift in Sources */ = {isa = PBXBuildFile; fileRef = 3F33ECC123A398CB007091C5 /* NewsTableViewCell.swift */; };
		3F33ECC623A39C14007091C5 /* Article.swift in Sources */ = {isa = PBXBuildFile; fileRef = 3F33ECC523A39C14007091C5 /* Article.swift */; };
		3F3D338023C75EEB004DAE6A /* MedicineTableViewController.swift in Sources */ = {isa = PBXBuildFile; fileRef = 3F3D337F23C75EEB004DAE6A /* MedicineTableViewController.swift */; };
		3F3D338223C75EFE004DAE6A /* AddMedicineTableViewController.swift in Sources */ = {isa = PBXBuildFile; fileRef = 3F3D338123C75EFE004DAE6A /* AddMedicineTableViewController.swift */; };
		3F3D338423C75FA7004DAE6A /* Medicine.swift in Sources */ = {isa = PBXBuildFile; fileRef = 3F3D338323C75FA7004DAE6A /* Medicine.swift */; };
		3F5BDD2823C73B870037E24B /* DailyWorkoutViewController.swift in Sources */ = {isa = PBXBuildFile; fileRef = 3F5BDD2723C73B870037E24B /* DailyWorkoutViewController.swift */; };
		3F5BDD2C23C73E420037E24B /* Achievment.swift in Sources */ = {isa = PBXBuildFile; fileRef = 3F5BDD2B23C73E420037E24B /* Achievment.swift */; };
		3F5BDD2E23C73F750037E24B /* AchievmentTableViewController.swift in Sources */ = {isa = PBXBuildFile; fileRef = 3F5BDD2D23C73F750037E24B /* AchievmentTableViewController.swift */; };
		3F5BDD3023C73FA50037E24B /* AchievmentTableViewCell.swift in Sources */ = {isa = PBXBuildFile; fileRef = 3F5BDD2F23C73FA50037E24B /* AchievmentTableViewCell.swift */; };
		3F6BE04A23A3CE950083606E /* NotificationCenter.framework in Frameworks */ = {isa = PBXBuildFile; fileRef = 3F6BE04923A3CE950083606E /* NotificationCenter.framework */; };
		3F6BE04D23A3CE950083606E /* TodayViewController.swift in Sources */ = {isa = PBXBuildFile; fileRef = 3F6BE04C23A3CE950083606E /* TodayViewController.swift */; };
		3F6BE05023A3CE950083606E /* MainInterface.storyboard in Resources */ = {isa = PBXBuildFile; fileRef = 3F6BE04E23A3CE950083606E /* MainInterface.storyboard */; };
		3F6BE05423A3CE950083606E /* CareScence Widget.appex in Embed App Extensions */ = {isa = PBXBuildFile; fileRef = 3F6BE04723A3CE950083606E /* CareScence Widget.appex */; settings = {ATTRIBUTES = (RemoveHeadersOnCopy, ); }; };
		3F976D6A23C899BF00DA4EC5 /* WalkingAnalysisPageViewController.swift in Sources */ = {isa = PBXBuildFile; fileRef = 3F976D6923C899BF00DA4EC5 /* WalkingAnalysisPageViewController.swift */; };
		3FA6C4E123A3A9AD00673C90 /* WebViewController.swift in Sources */ = {isa = PBXBuildFile; fileRef = 3FA6C4E023A3A9AD00673C90 /* WebViewController.swift */; };
		3FA6C4E523A3B7A900673C90 /* ExerciseTableViewCell.swift in Sources */ = {isa = PBXBuildFile; fileRef = 3FA6C4E423A3B7A900673C90 /* ExerciseTableViewCell.swift */; };
		3FA6C4E923A3B86A00673C90 /* Exercise.swift in Sources */ = {isa = PBXBuildFile; fileRef = 3FA6C4E823A3B86A00673C90 /* Exercise.swift */; };
		3FA6C4ED23A3C4D800673C90 /* ExerciseTableViewController.swift in Sources */ = {isa = PBXBuildFile; fileRef = 3FA6C4EC23A3C4D800673C90 /* ExerciseTableViewController.swift */; };
		3FA6C4EF23A3D3B000673C90 /* ExerciseWebViewController.swift in Sources */ = {isa = PBXBuildFile; fileRef = 3FA6C4EE23A3D3B000673C90 /* ExerciseWebViewController.swift */; };
		3FBB15E723A7D1A2008A4505 /* EmergencyContactViewController.swift in Sources */ = {isa = PBXBuildFile; fileRef = 3FBB15E623A7D1A2008A4505 /* EmergencyContactViewController.swift */; };
		3FBB15EB23A7DE39008A4505 /* EmergencyContact.swift in Sources */ = {isa = PBXBuildFile; fileRef = 3FBB15EA23A7DE39008A4505 /* EmergencyContact.swift */; };
		3FCECDCF23D0642F00188B40 /* MedicineTableViewCell.swift in Sources */ = {isa = PBXBuildFile; fileRef = 3FCECDCE23D0642F00188B40 /* MedicineTableViewCell.swift */; };
		3FE9522223D0869C00E984E3 /* EmergencyInfoTableViewController.swift in Sources */ = {isa = PBXBuildFile; fileRef = 3FE9522123D0869C00E984E3 /* EmergencyInfoTableViewController.swift */; };
/* End PBXBuildFile section */

/* Begin PBXContainerItemProxy section */
		3F6BE05223A3CE950083606E /* PBXContainerItemProxy */ = {
			isa = PBXContainerItemProxy;
			containerPortal = 0EB60A4923A23ED7002BB4EF /* Project object */;
			proxyType = 1;
			remoteGlobalIDString = 3F6BE04623A3CE950083606E;
			remoteInfo = "CareScence Widget";
		};
/* End PBXContainerItemProxy section */

/* Begin PBXCopyFilesBuildPhase section */
		3F6BE05523A3CE950083606E /* Embed App Extensions */ = {
			isa = PBXCopyFilesBuildPhase;
			buildActionMask = 2147483647;
			dstPath = "";
			dstSubfolderSpec = 13;
			files = (
				3F6BE05423A3CE950083606E /* CareScence Widget.appex in Embed App Extensions */,
			);
			name = "Embed App Extensions";
			runOnlyForDeploymentPostprocessing = 0;
		};
/* End PBXCopyFilesBuildPhase section */

/* Begin PBXFileReference section */
		0E1C23D023C8A136001C2859 /* BasicBarChart.swift */ = {isa = PBXFileReference; lastKnownFileType = sourcecode.swift; path = BasicBarChart.swift; sourceTree = "<group>"; };
		0E1C23D223C8A2A1001C2859 /* BasicBarPresenter.swift */ = {isa = PBXFileReference; lastKnownFileType = sourcecode.swift; path = BasicBarPresenter.swift; sourceTree = "<group>"; };
		0E1C23D423C8A2E4001C2859 /* BasicBarEntry.swift */ = {isa = PBXFileReference; lastKnownFileType = sourcecode.swift; path = BasicBarEntry.swift; sourceTree = "<group>"; };
		0E1C23D623C8A3A7001C2859 /* DataEntry.swift */ = {isa = PBXFileReference; lastKnownFileType = sourcecode.swift; path = DataEntry.swift; sourceTree = "<group>"; };
		0E1C23D823C8A420001C2859 /* CustomSegments.swift */ = {isa = PBXFileReference; lastKnownFileType = sourcecode.swift; path = CustomSegments.swift; sourceTree = "<group>"; };
		0E1C23DA23C8A445001C2859 /* UIBezierPathExtension.swift */ = {isa = PBXFileReference; lastKnownFileType = sourcecode.swift; path = UIBezierPathExtension.swift; sourceTree = "<group>"; };
		0E1C23DC23C8A474001C2859 /* CALayerExtension.swift */ = {isa = PBXFileReference; lastKnownFileType = sourcecode.swift; path = CALayerExtension.swift; sourceTree = "<group>"; };
		0E1C23DE23C8A48D001C2859 /* ArrayExtension.swift */ = {isa = PBXFileReference; lastKnownFileType = sourcecode.swift; path = ArrayExtension.swift; sourceTree = "<group>"; };
		0E1C23E023C8A611001C2859 /* BarChartViewController.swift */ = {isa = PBXFileReference; lastKnownFileType = sourcecode.swift; path = BarChartViewController.swift; sourceTree = "<group>"; };
		0E6A4B7923D055EE000378CD /* StepData.swift */ = {isa = PBXFileReference; lastKnownFileType = sourcecode.swift; path = StepData.swift; sourceTree = "<group>"; };
		0EB60A5123A23ED8002BB4EF /* CareSense.app */ = {isa = PBXFileReference; explicitFileType = wrapper.application; includeInIndex = 0; path = CareSense.app; sourceTree = BUILT_PRODUCTS_DIR; };
		0EB60A5423A23ED8002BB4EF /* AppDelegate.swift */ = {isa = PBXFileReference; lastKnownFileType = sourcecode.swift; path = AppDelegate.swift; sourceTree = "<group>"; };
		0EB60A5623A23ED8002BB4EF /* SceneDelegate.swift */ = {isa = PBXFileReference; lastKnownFileType = sourcecode.swift; path = SceneDelegate.swift; sourceTree = "<group>"; };
		0EB60A5823A23ED8002BB4EF /* ViewController.swift */ = {isa = PBXFileReference; lastKnownFileType = sourcecode.swift; path = ViewController.swift; sourceTree = "<group>"; };
		0EB60A5D23A23EDA002BB4EF /* Assets.xcassets */ = {isa = PBXFileReference; lastKnownFileType = folder.assetcatalog; path = Assets.xcassets; sourceTree = "<group>"; };
		0EB60A6023A23EDA002BB4EF /* Base */ = {isa = PBXFileReference; lastKnownFileType = file.storyboard; name = Base; path = Base.lproj/LaunchScreen.storyboard; sourceTree = "<group>"; };
		0EB60A6223A23EDA002BB4EF /* Info.plist */ = {isa = PBXFileReference; lastKnownFileType = text.plist.xml; path = Info.plist; sourceTree = "<group>"; };
		3F05C01C23A55A8300F49EA6 /* SettingsTableViewController.swift */ = {isa = PBXFileReference; lastKnownFileType = sourcecode.swift; path = SettingsTableViewController.swift; sourceTree = "<group>"; };
		3F05C01E23A6996D00F49EA6 /* User.swift */ = {isa = PBXFileReference; lastKnownFileType = sourcecode.swift; path = User.swift; sourceTree = "<group>"; };
		3F05C02023A6A24800F49EA6 /* Main.storyboard */ = {isa = PBXFileReference; fileEncoding = 4; lastKnownFileType = file.storyboard; path = Main.storyboard; sourceTree = "<group>"; };
		3F05C02223A6AD2500F49EA6 /* AccountTableViewController.swift */ = {isa = PBXFileReference; lastKnownFileType = sourcecode.swift; path = AccountTableViewController.swift; sourceTree = "<group>"; };
		3F33ECBF23A398B4007091C5 /* NewsTableViewController.swift */ = {isa = PBXFileReference; lastKnownFileType = sourcecode.swift; path = NewsTableViewController.swift; sourceTree = "<group>"; };
		3F33ECC123A398CB007091C5 /* NewsTableViewCell.swift */ = {isa = PBXFileReference; lastKnownFileType = sourcecode.swift; path = NewsTableViewCell.swift; sourceTree = "<group>"; };
		3F33ECC523A39C14007091C5 /* Article.swift */ = {isa = PBXFileReference; lastKnownFileType = sourcecode.swift; path = Article.swift; sourceTree = "<group>"; };
		3F3D337F23C75EEB004DAE6A /* MedicineTableViewController.swift */ = {isa = PBXFileReference; lastKnownFileType = sourcecode.swift; path = MedicineTableViewController.swift; sourceTree = "<group>"; };
		3F3D338123C75EFE004DAE6A /* AddMedicineTableViewController.swift */ = {isa = PBXFileReference; lastKnownFileType = sourcecode.swift; path = AddMedicineTableViewController.swift; sourceTree = "<group>"; };
		3F3D338323C75FA7004DAE6A /* Medicine.swift */ = {isa = PBXFileReference; lastKnownFileType = sourcecode.swift; path = Medicine.swift; sourceTree = "<group>"; };
		3F5BDD2723C73B870037E24B /* DailyWorkoutViewController.swift */ = {isa = PBXFileReference; lastKnownFileType = sourcecode.swift; path = DailyWorkoutViewController.swift; sourceTree = "<group>"; };
		3F5BDD2B23C73E420037E24B /* Achievment.swift */ = {isa = PBXFileReference; lastKnownFileType = sourcecode.swift; path = Achievment.swift; sourceTree = "<group>"; };
		3F5BDD2D23C73F750037E24B /* AchievmentTableViewController.swift */ = {isa = PBXFileReference; lastKnownFileType = sourcecode.swift; path = AchievmentTableViewController.swift; sourceTree = "<group>"; };
		3F5BDD2F23C73FA50037E24B /* AchievmentTableViewCell.swift */ = {isa = PBXFileReference; lastKnownFileType = sourcecode.swift; path = AchievmentTableViewCell.swift; sourceTree = "<group>"; };
		3F6BE04723A3CE950083606E /* CareScence Widget.appex */ = {isa = PBXFileReference; explicitFileType = "wrapper.app-extension"; includeInIndex = 0; path = "CareScence Widget.appex"; sourceTree = BUILT_PRODUCTS_DIR; };
		3F6BE04923A3CE950083606E /* NotificationCenter.framework */ = {isa = PBXFileReference; lastKnownFileType = wrapper.framework; name = NotificationCenter.framework; path = System/Library/Frameworks/NotificationCenter.framework; sourceTree = SDKROOT; };
		3F6BE04C23A3CE950083606E /* TodayViewController.swift */ = {isa = PBXFileReference; lastKnownFileType = sourcecode.swift; path = TodayViewController.swift; sourceTree = "<group>"; };
		3F6BE04F23A3CE950083606E /* Base */ = {isa = PBXFileReference; lastKnownFileType = file.storyboard; name = Base; path = Base.lproj/MainInterface.storyboard; sourceTree = "<group>"; };
		3F6BE05123A3CE950083606E /* Info.plist */ = {isa = PBXFileReference; lastKnownFileType = text.plist.xml; path = Info.plist; sourceTree = "<group>"; };
		3F976D6923C899BF00DA4EC5 /* WalkingAnalysisPageViewController.swift */ = {isa = PBXFileReference; lastKnownFileType = sourcecode.swift; path = WalkingAnalysisPageViewController.swift; sourceTree = "<group>"; };
		3FA6C4E023A3A9AD00673C90 /* WebViewController.swift */ = {isa = PBXFileReference; lastKnownFileType = sourcecode.swift; path = WebViewController.swift; sourceTree = "<group>"; };
		3FA6C4E423A3B7A900673C90 /* ExerciseTableViewCell.swift */ = {isa = PBXFileReference; lastKnownFileType = sourcecode.swift; path = ExerciseTableViewCell.swift; sourceTree = "<group>"; };
		3FA6C4E823A3B86A00673C90 /* Exercise.swift */ = {isa = PBXFileReference; lastKnownFileType = sourcecode.swift; path = Exercise.swift; sourceTree = "<group>"; };
		3FA6C4EC23A3C4D800673C90 /* ExerciseTableViewController.swift */ = {isa = PBXFileReference; lastKnownFileType = sourcecode.swift; path = ExerciseTableViewController.swift; sourceTree = "<group>"; };
		3FA6C4EE23A3D3B000673C90 /* ExerciseWebViewController.swift */ = {isa = PBXFileReference; lastKnownFileType = sourcecode.swift; path = ExerciseWebViewController.swift; sourceTree = "<group>"; };
		3FBB15E623A7D1A2008A4505 /* EmergencyContactViewController.swift */ = {isa = PBXFileReference; lastKnownFileType = sourcecode.swift; path = EmergencyContactViewController.swift; sourceTree = "<group>"; };
		3FBB15EA23A7DE39008A4505 /* EmergencyContact.swift */ = {isa = PBXFileReference; lastKnownFileType = sourcecode.swift; path = EmergencyContact.swift; sourceTree = "<group>"; };
		3FCECDCE23D0642F00188B40 /* MedicineTableViewCell.swift */ = {isa = PBXFileReference; lastKnownFileType = sourcecode.swift; path = MedicineTableViewCell.swift; sourceTree = "<group>"; };
		3FE9522123D0869C00E984E3 /* EmergencyInfoTableViewController.swift */ = {isa = PBXFileReference; lastKnownFileType = sourcecode.swift; path = EmergencyInfoTableViewController.swift; sourceTree = "<group>"; };
/* End PBXFileReference section */

/* Begin PBXFrameworksBuildPhase section */
		0EB60A4E23A23ED8002BB4EF /* Frameworks */ = {
			isa = PBXFrameworksBuildPhase;
			buildActionMask = 2147483647;
			files = (
			);
			runOnlyForDeploymentPostprocessing = 0;
		};
		3F6BE04423A3CE950083606E /* Frameworks */ = {
			isa = PBXFrameworksBuildPhase;
			buildActionMask = 2147483647;
			files = (
				3F6BE04A23A3CE950083606E /* NotificationCenter.framework in Frameworks */,
			);
			runOnlyForDeploymentPostprocessing = 0;
		};
/* End PBXFrameworksBuildPhase section */

/* Begin PBXGroup section */
		0E1C23E923C8C526001C2859 /* BarChart */ = {
			isa = PBXGroup;
			children = (
				0E1C23D223C8A2A1001C2859 /* BasicBarPresenter.swift */,
				0E1C23D023C8A136001C2859 /* BasicBarChart.swift */,
				0E1C23DA23C8A445001C2859 /* UIBezierPathExtension.swift */,
				0E1C23DC23C8A474001C2859 /* CALayerExtension.swift */,
				0E1C23D823C8A420001C2859 /* CustomSegments.swift */,
				0E1C23D623C8A3A7001C2859 /* DataEntry.swift */,
				0E1C23DE23C8A48D001C2859 /* ArrayExtension.swift */,
				0E1C23D423C8A2E4001C2859 /* BasicBarEntry.swift */,
				0E1C23E023C8A611001C2859 /* BarChartViewController.swift */,
			);
			path = BarChart;
			sourceTree = "<group>";
		};
		0E1C23EA23C8C5AE001C2859 /* ViewControllers */ = {
			isa = PBXGroup;
			children = (
				3F33ECBF23A398B4007091C5 /* NewsTableViewController.swift */,
				3FA6C4E023A3A9AD00673C90 /* WebViewController.swift */,
				3FA6C4EC23A3C4D800673C90 /* ExerciseTableViewController.swift */,
				3F05C02223A6AD2500F49EA6 /* AccountTableViewController.swift */,
				3FA6C4EE23A3D3B000673C90 /* ExerciseWebViewController.swift */,
				3F05C01C23A55A8300F49EA6 /* SettingsTableViewController.swift */,
				3FBB15E623A7D1A2008A4505 /* EmergencyContactViewController.swift */,
				3F5BDD2D23C73F750037E24B /* AchievmentTableViewController.swift */,
				3F3D338123C75EFE004DAE6A /* AddMedicineTableViewController.swift */,
				3F3D337F23C75EEB004DAE6A /* MedicineTableViewController.swift */,
				3FCECDCE23D0642F00188B40 /* MedicineTableViewCell.swift */,
				3F976D6923C899BF00DA4EC5 /* WalkingAnalysisPageViewController.swift */,
				3F5BDD2723C73B870037E24B /* DailyWorkoutViewController.swift */,
				0EB60A5823A23ED8002BB4EF /* ViewController.swift */,
				3FE9522123D0869C00E984E3 /* EmergencyInfoTableViewController.swift */,
			);
			path = ViewControllers;
			sourceTree = "<group>";
		};
		0E1C23EB23C8C5F7001C2859 /* Classes */ = {
			isa = PBXGroup;
			children = (
				3F05C01E23A6996D00F49EA6 /* User.swift */,
				3F33ECC523A39C14007091C5 /* Article.swift */,
				3FA6C4E823A3B86A00673C90 /* Exercise.swift */,
				3F5BDD2B23C73E420037E24B /* Achievment.swift */,
				3F3D338323C75FA7004DAE6A /* Medicine.swift */,
				3FBB15EA23A7DE39008A4505 /* EmergencyContact.swift */,
				0E6A4B7923D055EE000378CD /* StepData.swift */,
			);
			path = Classes;
			sourceTree = "<group>";
		};
		0E1C23EC23C8C611001C2859 /* TableViewCell */ = {
			isa = PBXGroup;
			children = (
				3FA6C4E423A3B7A900673C90 /* ExerciseTableViewCell.swift */,
				3F33ECC123A398CB007091C5 /* NewsTableViewCell.swift */,
				3F5BDD2F23C73FA50037E24B /* AchievmentTableViewCell.swift */,
			);
			path = TableViewCell;
			sourceTree = "<group>";
		};
		0EB60A4823A23ED7002BB4EF = {
			isa = PBXGroup;
			children = (
				0EB60A5323A23ED8002BB4EF /* CareScence */,
				3F6BE04B23A3CE950083606E /* CareScence Widget */,
				3F6BE04823A3CE950083606E /* Frameworks */,
				0EB60A5223A23ED8002BB4EF /* Products */,
			);
			sourceTree = "<group>";
		};
		0EB60A5223A23ED8002BB4EF /* Products */ = {
			isa = PBXGroup;
			children = (
				0EB60A5123A23ED8002BB4EF /* CareSense.app */,
				3F6BE04723A3CE950083606E /* CareScence Widget.appex */,
			);
			name = Products;
			sourceTree = "<group>";
		};
		0EB60A5323A23ED8002BB4EF /* CareScence */ = {
			isa = PBXGroup;
			children = (
				0E1C23EC23C8C611001C2859 /* TableViewCell */,
				0E1C23EB23C8C5F7001C2859 /* Classes */,
				0E1C23EA23C8C5AE001C2859 /* ViewControllers */,
				0E1C23E923C8C526001C2859 /* BarChart */,
				0EB60A5423A23ED8002BB4EF /* AppDelegate.swift */,
				3F05C02023A6A24800F49EA6 /* Main.storyboard */,
				0EB60A5623A23ED8002BB4EF /* SceneDelegate.swift */,
				0EB60A5F23A23EDA002BB4EF /* LaunchScreen.storyboard */,
				0EB60A5D23A23EDA002BB4EF /* Assets.xcassets */,
				0EB60A6223A23EDA002BB4EF /* Info.plist */,
			);
			path = CareScence;
			sourceTree = "<group>";
		};
		3F6BE04823A3CE950083606E /* Frameworks */ = {
			isa = PBXGroup;
			children = (
				3F6BE04923A3CE950083606E /* NotificationCenter.framework */,
			);
			name = Frameworks;
			sourceTree = "<group>";
		};
		3F6BE04B23A3CE950083606E /* CareScence Widget */ = {
			isa = PBXGroup;
			children = (
				3F6BE04C23A3CE950083606E /* TodayViewController.swift */,
				3F6BE04E23A3CE950083606E /* MainInterface.storyboard */,
				3F6BE05123A3CE950083606E /* Info.plist */,
			);
			path = "CareScence Widget";
			sourceTree = "<group>";
		};
/* End PBXGroup section */

/* Begin PBXNativeTarget section */
		0EB60A5023A23ED8002BB4EF /* CareScence */ = {
			isa = PBXNativeTarget;
			buildConfigurationList = 0EB60A6523A23EDA002BB4EF /* Build configuration list for PBXNativeTarget "CareScence" */;
			buildPhases = (
				0EB60A4D23A23ED8002BB4EF /* Sources */,
				0EB60A4E23A23ED8002BB4EF /* Frameworks */,
				0EB60A4F23A23ED8002BB4EF /* Resources */,
				3F6BE05523A3CE950083606E /* Embed App Extensions */,
			);
			buildRules = (
			);
			dependencies = (
				3F6BE05323A3CE950083606E /* PBXTargetDependency */,
			);
			name = CareScence;
			productName = CareScence;
			productReference = 0EB60A5123A23ED8002BB4EF /* CareSense.app */;
			productType = "com.apple.product-type.application";
		};
		3F6BE04623A3CE950083606E /* CareScence Widget */ = {
			isa = PBXNativeTarget;
			buildConfigurationList = 3F6BE05823A3CE950083606E /* Build configuration list for PBXNativeTarget "CareScence Widget" */;
			buildPhases = (
				3F6BE04323A3CE950083606E /* Sources */,
				3F6BE04423A3CE950083606E /* Frameworks */,
				3F6BE04523A3CE950083606E /* Resources */,
			);
			buildRules = (
			);
			dependencies = (
			);
			name = "CareScence Widget";
			productName = "CareScence Widget";
			productReference = 3F6BE04723A3CE950083606E /* CareScence Widget.appex */;
			productType = "com.apple.product-type.app-extension";
		};
/* End PBXNativeTarget section */

/* Begin PBXProject section */
		0EB60A4923A23ED7002BB4EF /* Project object */ = {
			isa = PBXProject;
			attributes = {
				LastSwiftUpdateCheck = 1130;
				LastUpgradeCheck = 1120;
				ORGANIZATIONNAME = "JD Destine";
				TargetAttributes = {
					0EB60A5023A23ED8002BB4EF = {
						CreatedOnToolsVersion = 11.2.1;
					};
					3F6BE04623A3CE950083606E = {
						CreatedOnToolsVersion = 11.3;
					};
				};
			};
			buildConfigurationList = 0EB60A4C23A23ED7002BB4EF /* Build configuration list for PBXProject "CareScence" */;
			compatibilityVersion = "Xcode 9.3";
			developmentRegion = en;
			hasScannedForEncodings = 0;
			knownRegions = (
				en,
				Base,
			);
			mainGroup = 0EB60A4823A23ED7002BB4EF;
			productRefGroup = 0EB60A5223A23ED8002BB4EF /* Products */;
			projectDirPath = "";
			projectRoot = "";
			targets = (
				0EB60A5023A23ED8002BB4EF /* CareScence */,
				3F6BE04623A3CE950083606E /* CareScence Widget */,
			);
		};
/* End PBXProject section */

/* Begin PBXResourcesBuildPhase section */
		0EB60A4F23A23ED8002BB4EF /* Resources */ = {
			isa = PBXResourcesBuildPhase;
			buildActionMask = 2147483647;
			files = (
				3F05C02123A6A24800F49EA6 /* Main.storyboard in Resources */,
				0EB60A6123A23EDA002BB4EF /* LaunchScreen.storyboard in Resources */,
				0EB60A5E23A23EDA002BB4EF /* Assets.xcassets in Resources */,
			);
			runOnlyForDeploymentPostprocessing = 0;
		};
		3F6BE04523A3CE950083606E /* Resources */ = {
			isa = PBXResourcesBuildPhase;
			buildActionMask = 2147483647;
			files = (
				3F6BE05023A3CE950083606E /* MainInterface.storyboard in Resources */,
			);
			runOnlyForDeploymentPostprocessing = 0;
		};
/* End PBXResourcesBuildPhase section */

/* Begin PBXSourcesBuildPhase section */
		0EB60A4D23A23ED8002BB4EF /* Sources */ = {
			isa = PBXSourcesBuildPhase;
			buildActionMask = 2147483647;
			files = (
				3F05C01F23A6996D00F49EA6 /* User.swift in Sources */,
				3F3D338423C75FA7004DAE6A /* Medicine.swift in Sources */,
				0E1C23E123C8A611001C2859 /* BarChartViewController.swift in Sources */,
				3FE9522223D0869C00E984E3 /* EmergencyInfoTableViewController.swift in Sources */,
				0E1C23D723C8A3A7001C2859 /* DataEntry.swift in Sources */,
				0E1C23D123C8A136001C2859 /* BasicBarChart.swift in Sources */,
				0E1C23D923C8A420001C2859 /* CustomSegments.swift in Sources */,
				0E1C23D323C8A2A1001C2859 /* BasicBarPresenter.swift in Sources */,
				3F3D338023C75EEB004DAE6A /* MedicineTableViewController.swift in Sources */,
				3FA6C4EF23A3D3B000673C90 /* ExerciseWebViewController.swift in Sources */,
				3F05C02323A6AD2500F49EA6 /* AccountTableViewController.swift in Sources */,
				3F5BDD3023C73FA50037E24B /* AchievmentTableViewCell.swift in Sources */,
				3F33ECC023A398B4007091C5 /* NewsTableViewController.swift in Sources */,
				0E1C23DF23C8A48D001C2859 /* ArrayExtension.swift in Sources */,
				0EB60A5923A23ED8002BB4EF /* ViewController.swift in Sources */,
				3F33ECC623A39C14007091C5 /* Article.swift in Sources */,
				0E6A4B7A23D055EE000378CD /* StepData.swift in Sources */,
				3F33ECC223A398CB007091C5 /* NewsTableViewCell.swift in Sources */,
				3F5BDD2E23C73F750037E24B /* AchievmentTableViewController.swift in Sources */,
				3FA6C4E123A3A9AD00673C90 /* WebViewController.swift in Sources */,
				3FA6C4E923A3B86A00673C90 /* Exercise.swift in Sources */,
				3FBB15E723A7D1A2008A4505 /* EmergencyContactViewController.swift in Sources */,
				3F5BDD2823C73B870037E24B /* DailyWorkoutViewController.swift in Sources */,
				3F976D6A23C899BF00DA4EC5 /* WalkingAnalysisPageViewController.swift in Sources */,
				3FA6C4E523A3B7A900673C90 /* ExerciseTableViewCell.swift in Sources */,
				3F05C01D23A55A8300F49EA6 /* SettingsTableViewController.swift in Sources */,
				3F5BDD2C23C73E420037E24B /* Achievment.swift in Sources */,
				3F3D338223C75EFE004DAE6A /* AddMedicineTableViewController.swift in Sources */,
				3FBB15EB23A7DE39008A4505 /* EmergencyContact.swift in Sources */,
				3FCECDCF23D0642F00188B40 /* MedicineTableViewCell.swift in Sources */,
				0EB60A5523A23ED8002BB4EF /* AppDelegate.swift in Sources */,
				3FA6C4ED23A3C4D800673C90 /* ExerciseTableViewController.swift in Sources */,
				0E1C23DB23C8A445001C2859 /* UIBezierPathExtension.swift in Sources */,
				0E1C23D523C8A2E4001C2859 /* BasicBarEntry.swift in Sources */,
				0EB60A5723A23ED8002BB4EF /* SceneDelegate.swift in Sources */,
				0E1C23DD23C8A474001C2859 /* CALayerExtension.swift in Sources */,
			);
			runOnlyForDeploymentPostprocessing = 0;
		};
		3F6BE04323A3CE950083606E /* Sources */ = {
			isa = PBXSourcesBuildPhase;
			buildActionMask = 2147483647;
			files = (
				3F6BE04D23A3CE950083606E /* TodayViewController.swift in Sources */,
			);
			runOnlyForDeploymentPostprocessing = 0;
		};
/* End PBXSourcesBuildPhase section */

/* Begin PBXTargetDependency section */
		3F6BE05323A3CE950083606E /* PBXTargetDependency */ = {
			isa = PBXTargetDependency;
			target = 3F6BE04623A3CE950083606E /* CareScence Widget */;
			targetProxy = 3F6BE05223A3CE950083606E /* PBXContainerItemProxy */;
		};
/* End PBXTargetDependency section */

/* Begin PBXVariantGroup section */
		0EB60A5F23A23EDA002BB4EF /* LaunchScreen.storyboard */ = {
			isa = PBXVariantGroup;
			children = (
				0EB60A6023A23EDA002BB4EF /* Base */,
			);
			name = LaunchScreen.storyboard;
			sourceTree = "<group>";
		};
		3F6BE04E23A3CE950083606E /* MainInterface.storyboard */ = {
			isa = PBXVariantGroup;
			children = (
				3F6BE04F23A3CE950083606E /* Base */,
			);
			name = MainInterface.storyboard;
			sourceTree = "<group>";
		};
/* End PBXVariantGroup section */

/* Begin XCBuildConfiguration section */
		0EB60A6323A23EDA002BB4EF /* Debug */ = {
			isa = XCBuildConfiguration;
			buildSettings = {
				ALWAYS_SEARCH_USER_PATHS = NO;
				CLANG_ANALYZER_NONNULL = YES;
				CLANG_ANALYZER_NUMBER_OBJECT_CONVERSION = YES_AGGRESSIVE;
				CLANG_CXX_LANGUAGE_STANDARD = "gnu++14";
				CLANG_CXX_LIBRARY = "libc++";
				CLANG_ENABLE_MODULES = YES;
				CLANG_ENABLE_OBJC_ARC = YES;
				CLANG_ENABLE_OBJC_WEAK = YES;
				CLANG_WARN_BLOCK_CAPTURE_AUTORELEASING = YES;
				CLANG_WARN_BOOL_CONVERSION = YES;
				CLANG_WARN_COMMA = YES;
				CLANG_WARN_CONSTANT_CONVERSION = YES;
				CLANG_WARN_DEPRECATED_OBJC_IMPLEMENTATIONS = YES;
				CLANG_WARN_DIRECT_OBJC_ISA_USAGE = YES_ERROR;
				CLANG_WARN_DOCUMENTATION_COMMENTS = YES;
				CLANG_WARN_EMPTY_BODY = YES;
				CLANG_WARN_ENUM_CONVERSION = YES;
				CLANG_WARN_INFINITE_RECURSION = YES;
				CLANG_WARN_INT_CONVERSION = YES;
				CLANG_WARN_NON_LITERAL_NULL_CONVERSION = YES;
				CLANG_WARN_OBJC_IMPLICIT_RETAIN_SELF = YES;
				CLANG_WARN_OBJC_LITERAL_CONVERSION = YES;
				CLANG_WARN_OBJC_ROOT_CLASS = YES_ERROR;
				CLANG_WARN_RANGE_LOOP_ANALYSIS = YES;
				CLANG_WARN_STRICT_PROTOTYPES = YES;
				CLANG_WARN_SUSPICIOUS_MOVE = YES;
				CLANG_WARN_UNGUARDED_AVAILABILITY = YES_AGGRESSIVE;
				CLANG_WARN_UNREACHABLE_CODE = YES;
				CLANG_WARN__DUPLICATE_METHOD_MATCH = YES;
				COPY_PHASE_STRIP = NO;
				DEBUG_INFORMATION_FORMAT = dwarf;
				ENABLE_STRICT_OBJC_MSGSEND = YES;
				ENABLE_TESTABILITY = YES;
				GCC_C_LANGUAGE_STANDARD = gnu11;
				GCC_DYNAMIC_NO_PIC = NO;
				GCC_NO_COMMON_BLOCKS = YES;
				GCC_OPTIMIZATION_LEVEL = 0;
				GCC_PREPROCESSOR_DEFINITIONS = (
					"DEBUG=1",
					"$(inherited)",
				);
				GCC_WARN_64_TO_32_BIT_CONVERSION = YES;
				GCC_WARN_ABOUT_RETURN_TYPE = YES_ERROR;
				GCC_WARN_UNDECLARED_SELECTOR = YES;
				GCC_WARN_UNINITIALIZED_AUTOS = YES_AGGRESSIVE;
				GCC_WARN_UNUSED_FUNCTION = YES;
				GCC_WARN_UNUSED_VARIABLE = YES;
				IPHONEOS_DEPLOYMENT_TARGET = 13.2;
				MTL_ENABLE_DEBUG_INFO = INCLUDE_SOURCE;
				MTL_FAST_MATH = YES;
				ONLY_ACTIVE_ARCH = YES;
				SDKROOT = iphoneos;
				SWIFT_ACTIVE_COMPILATION_CONDITIONS = DEBUG;
				SWIFT_OPTIMIZATION_LEVEL = "-Onone";
			};
			name = Debug;
		};
		0EB60A6423A23EDA002BB4EF /* Release */ = {
			isa = XCBuildConfiguration;
			buildSettings = {
				ALWAYS_SEARCH_USER_PATHS = NO;
				CLANG_ANALYZER_NONNULL = YES;
				CLANG_ANALYZER_NUMBER_OBJECT_CONVERSION = YES_AGGRESSIVE;
				CLANG_CXX_LANGUAGE_STANDARD = "gnu++14";
				CLANG_CXX_LIBRARY = "libc++";
				CLANG_ENABLE_MODULES = YES;
				CLANG_ENABLE_OBJC_ARC = YES;
				CLANG_ENABLE_OBJC_WEAK = YES;
				CLANG_WARN_BLOCK_CAPTURE_AUTORELEASING = YES;
				CLANG_WARN_BOOL_CONVERSION = YES;
				CLANG_WARN_COMMA = YES;
				CLANG_WARN_CONSTANT_CONVERSION = YES;
				CLANG_WARN_DEPRECATED_OBJC_IMPLEMENTATIONS = YES;
				CLANG_WARN_DIRECT_OBJC_ISA_USAGE = YES_ERROR;
				CLANG_WARN_DOCUMENTATION_COMMENTS = YES;
				CLANG_WARN_EMPTY_BODY = YES;
				CLANG_WARN_ENUM_CONVERSION = YES;
				CLANG_WARN_INFINITE_RECURSION = YES;
				CLANG_WARN_INT_CONVERSION = YES;
				CLANG_WARN_NON_LITERAL_NULL_CONVERSION = YES;
				CLANG_WARN_OBJC_IMPLICIT_RETAIN_SELF = YES;
				CLANG_WARN_OBJC_LITERAL_CONVERSION = YES;
				CLANG_WARN_OBJC_ROOT_CLASS = YES_ERROR;
				CLANG_WARN_RANGE_LOOP_ANALYSIS = YES;
				CLANG_WARN_STRICT_PROTOTYPES = YES;
				CLANG_WARN_SUSPICIOUS_MOVE = YES;
				CLANG_WARN_UNGUARDED_AVAILABILITY = YES_AGGRESSIVE;
				CLANG_WARN_UNREACHABLE_CODE = YES;
				CLANG_WARN__DUPLICATE_METHOD_MATCH = YES;
				COPY_PHASE_STRIP = NO;
				DEBUG_INFORMATION_FORMAT = "dwarf-with-dsym";
				ENABLE_NS_ASSERTIONS = NO;
				ENABLE_STRICT_OBJC_MSGSEND = YES;
				GCC_C_LANGUAGE_STANDARD = gnu11;
				GCC_NO_COMMON_BLOCKS = YES;
				GCC_WARN_64_TO_32_BIT_CONVERSION = YES;
				GCC_WARN_ABOUT_RETURN_TYPE = YES_ERROR;
				GCC_WARN_UNDECLARED_SELECTOR = YES;
				GCC_WARN_UNINITIALIZED_AUTOS = YES_AGGRESSIVE;
				GCC_WARN_UNUSED_FUNCTION = YES;
				GCC_WARN_UNUSED_VARIABLE = YES;
				IPHONEOS_DEPLOYMENT_TARGET = 13.2;
				MTL_ENABLE_DEBUG_INFO = NO;
				MTL_FAST_MATH = YES;
				SDKROOT = iphoneos;
				SWIFT_COMPILATION_MODE = wholemodule;
				SWIFT_OPTIMIZATION_LEVEL = "-O";
				VALIDATE_PRODUCT = YES;
			};
			name = Release;
		};
		0EB60A6623A23EDA002BB4EF /* Debug */ = {
			isa = XCBuildConfiguration;
			buildSettings = {
				ALWAYS_EMBED_SWIFT_STANDARD_LIBRARIES = YES;
				ASSETCATALOG_COMPILER_APPICON_NAME = AppIcon;
				CODE_SIGN_STYLE = Automatic;
				DEVELOPMENT_TEAM = JU47A894QP;
				INFOPLIST_FILE = CareScence/Info.plist;
				LD_RUNPATH_SEARCH_PATHS = (
					"$(inherited)",
					"@executable_path/Frameworks",
				);
				PRODUCT_BUNDLE_IDENTIFIER = "CareScence-martin";
				PRODUCT_NAME = CareSense;
				SWIFT_VERSION = 5.0;
				TARGETED_DEVICE_FAMILY = "1,2";
			};
			name = Debug;
		};
		0EB60A6723A23EDA002BB4EF /* Release */ = {
			isa = XCBuildConfiguration;
			buildSettings = {
				ALWAYS_EMBED_SWIFT_STANDARD_LIBRARIES = YES;
				ASSETCATALOG_COMPILER_APPICON_NAME = AppIcon;
				CODE_SIGN_STYLE = Automatic;
				DEVELOPMENT_TEAM = JU47A894QP;
				INFOPLIST_FILE = CareScence/Info.plist;
				LD_RUNPATH_SEARCH_PATHS = (
					"$(inherited)",
					"@executable_path/Frameworks",
				);
				PRODUCT_BUNDLE_IDENTIFIER = "CareScence-martin";
				PRODUCT_NAME = CareSense;
				SWIFT_VERSION = 5.0;
				TARGETED_DEVICE_FAMILY = "1,2";
			};
			name = Release;
		};
		3F6BE05623A3CE950083606E /* Debug */ = {
			isa = XCBuildConfiguration;
			buildSettings = {
				CODE_SIGN_STYLE = Automatic;
				DEVELOPMENT_TEAM = JU47A894QP;
				INFOPLIST_FILE = "CareScence Widget/Info.plist";
				LD_RUNPATH_SEARCH_PATHS = (
					"$(inherited)",
					"@executable_path/Frameworks",
					"@executable_path/../../Frameworks",
				);
				PRODUCT_BUNDLE_IDENTIFIER = "CareScence-martin.widget";
				PRODUCT_NAME = "$(TARGET_NAME)";
				SKIP_INSTALL = YES;
				SWIFT_VERSION = 5.0;
				TARGETED_DEVICE_FAMILY = "1,2";
			};
			name = Debug;
		};
		3F6BE05723A3CE950083606E /* Release */ = {
			isa = XCBuildConfiguration;
			buildSettings = {
				CODE_SIGN_STYLE = Automatic;
				DEVELOPMENT_TEAM = JU47A894QP;
				INFOPLIST_FILE = "CareScence Widget/Info.plist";
				LD_RUNPATH_SEARCH_PATHS = (
					"$(inherited)",
					"@executable_path/Frameworks",
					"@executable_path/../../Frameworks",
				);
				PRODUCT_BUNDLE_IDENTIFIER = "CareScence-martin.widget";
				PRODUCT_NAME = "$(TARGET_NAME)";
				SKIP_INSTALL = YES;
				SWIFT_VERSION = 5.0;
				TARGETED_DEVICE_FAMILY = "1,2";
			};
			name = Release;
		};
/* End XCBuildConfiguration section */

/* Begin XCConfigurationList section */
		0EB60A4C23A23ED7002BB4EF /* Build configuration list for PBXProject "CareScence" */ = {
			isa = XCConfigurationList;
			buildConfigurations = (
				0EB60A6323A23EDA002BB4EF /* Debug */,
				0EB60A6423A23EDA002BB4EF /* Release */,
			);
			defaultConfigurationIsVisible = 0;
			defaultConfigurationName = Release;
		};
		0EB60A6523A23EDA002BB4EF /* Build configuration list for PBXNativeTarget "CareScence" */ = {
			isa = XCConfigurationList;
			buildConfigurations = (
				0EB60A6623A23EDA002BB4EF /* Debug */,
				0EB60A6723A23EDA002BB4EF /* Release */,
			);
			defaultConfigurationIsVisible = 0;
			defaultConfigurationName = Release;
		};
		3F6BE05823A3CE950083606E /* Build configuration list for PBXNativeTarget "CareScence Widget" */ = {
			isa = XCConfigurationList;
			buildConfigurations = (
				3F6BE05623A3CE950083606E /* Debug */,
				3F6BE05723A3CE950083606E /* Release */,
			);
			defaultConfigurationIsVisible = 0;
			defaultConfigurationName = Release;
		};
/* End XCConfigurationList section */
	};
	rootObject = 0EB60A4923A23ED7002BB4EF /* Project object */;
}
